
Microsoft Visual Studio Solution File, Format Version 12.00
# Visual Studio Version 16
VisualStudioVersion = 16.0.29020.237
MinimumVisualStudioVersion = 10.0.40219.1
Project("{00D1A9C2-B5F0-4AF3-8072-F6C62B433612}") = "AlcoMarket", "AlcoMarket\AlcoMarket.sqlproj", "{05283056-269B-4BF4-85F1-A54FDEFD002C}"
EndProject
Global
	GlobalSection(SolutionConfigurationPlatforms) = preSolution
		Debug|Any CPU = Debug|Any CPU
		Release|Any CPU = Release|Any CPU
	EndGlobalSection
	GlobalSection(ProjectConfigurationPlatforms) = postSolution
		{05283056-269B-4BF4-85F1-A54FDEFD002C}.Debug|Any CPU.ActiveCfg = Debug|Any CPU
		{05283056-269B-4BF4-85F1-A54FDEFD002C}.Debug|Any CPU.Build.0 = Debug|Any CPU
		{05283056-269B-4BF4-85F1-A54FDEFD002C}.Debug|Any CPU.Deploy.0 = Debug|Any CPU
		{05283056-269B-4BF4-85F1-A54FDEFD002C}.Release|Any CPU.ActiveCfg = Release|Any CPU
		{05283056-269B-4BF4-85F1-A54FDEFD002C}.Release|Any CPU.Build.0 = Release|Any CPU
		{05283056-269B-4BF4-85F1-A54FDEFD002C}.Release|Any CPU.Deploy.0 = Release|Any CPU
	EndGlobalSection
	GlobalSection(SolutionProperties) = preSolution
		HideSolutionNode = FALSE
	EndGlobalSection
	GlobalSection(ExtensibilityGlobals) = postSolution
		SolutionGuid = {B0EBFE30-0CD3-427B-AF59-C52BC652D052}
	EndGlobalSection
EndGlobal
